// !$*UTF8*$!
{
	archiveVersion = 1;
	classes = {
	};
	objectVersion = 77;
	objects = {

/* Begin PBXBuildFile section */
		0393A6E9C1190DAB76F2551A /* SwiftBookApp.swift in Sources */ = {isa = PBXBuildFile; fileRef = 1DA0FD5541FC0BD87B603081 /* SwiftBookApp.swift */; };
		07A5FE5C5E1140B9483536DD /* 书籍.svg in Resources */ = {isa = PBXBuildFile; fileRef = 4527811CDF69F78C596059BB /* 书籍.svg */; };
		0C103F3B7550036897D194CE /* ReadingStatsManager.swift in Sources */ = {isa = PBXBuildFile; fileRef = 6B87B6FC31CBA1A53596FF53 /* ReadingStatsManager.swift */; };
		0C3B70E18EA7A092031A2DE0 /* SwiftBookApp.icon in Resources */ = {isa = PBXBuildFile; fileRef = 4BEB2D17BF3D49F74276D750 /* SwiftBookApp.icon */; };
		1C6E7EC971202521D3499193 /* BookCardView.swift in Sources */ = {isa = PBXBuildFile; fileRef = 0954CAA232A88D0FA7D340B4 /* BookCardView.swift */; };
		1E96643A794D73F3E68CB041 /* ReadingStatsView.swift in Sources */ = {isa = PBXBuildFile; fileRef = 312900710BBB6121BF129CE7 /* ReadingStatsView.swift */; };
		35F789456E6B1CE0C5CB1BD7 /* Book.swift in Sources */ = {isa = PBXBuildFile; fileRef = B7F9C6EB122FFF480CB7C72A /* Book.swift */; };
		389621B76291D9EBE0BC124B /* TOCPanelView.swift in Sources */ = {isa = PBXBuildFile; fileRef = B2B2EDBE1E9C0A0866FC283B /* TOCPanelView.swift */; };
		4F2FAC7790D4262766610592 /* BookManager.swift in Sources */ = {isa = PBXBuildFile; fileRef = 739E4FF07F9DE5628BD6AAAC /* BookManager.swift */; };
		5E639A75338573C14C0CE9EA /* SettingsPanelView.swift in Sources */ = {isa = PBXBuildFile; fileRef = EC15F76D1534651985F904B7 /* SettingsPanelView.swift */; };
		61A6F1629A11E32902AD9433 /* ReadingSettings.swift in Sources */ = {isa = PBXBuildFile; fileRef = 00A50E91476CE6F5A3533530 /* ReadingSettings.swift */; };
		79CB287529E9E6028509CF88 /* EPUBParser.swift in Sources */ = {isa = PBXBuildFile; fileRef = 6B7A6F0D7CEDDF2BA3E86E55 /* EPUBParser.swift */; };
		7C2877CFA4857D6213AC1764 /* VolumeButtonHandler.swift in Sources */ = {isa = PBXBuildFile; fileRef = 6618D4C5686532778A5C4CE7 /* VolumeButtonHandler.swift */; };
		7DD00C19FE51306F47632A56 /* ZipReader.swift in Sources */ = {isa = PBXBuildFile; fileRef = F428EEA185B415D90C7309F7 /* ZipReader.swift */; };
		8DDDEB90B9EC05AB9DFCB0EA /* SourceHanSerifSC-Regular.otf in Resources */ = {isa = PBXBuildFile; fileRef = 48219D7E122670FBF58CB5CF /* SourceHanSerifSC-Regular.otf */; };
		928D2722F2D5ADC167D3EA7D /* LibraryView.swift in Sources */ = {isa = PBXBuildFile; fileRef = 9C751C44C75E4F5EF5028A6E /* LibraryView.swift */; };
		98B1F3698CD43DB2BD4EBD0A /* SourceHanSerifSC-Bold.otf in Resources */ = {isa = PBXBuildFile; fileRef = CC4F7A4BC777A272823336D3 /* SourceHanSerifSC-Bold.otf */; };
		ABA06C92F894ECD2BF264781 /* SourceHanSerifSC-SemiBold.otf in Resources */ = {isa = PBXBuildFile; fileRef = CE7A6FE70787AE4E648E032F /* SourceHanSerifSC-SemiBold.otf */; };
		B626FB1F54A1B5D7A757D622 /* ReaderView.swift in Sources */ = {isa = PBXBuildFile; fileRef = 12A07F2667BB89843F7C88E3 /* ReaderView.swift */; };
		BF8D3EBDCFD9FAC4EF0FC327 /* ReadingSession.swift in Sources */ = {isa = PBXBuildFile; fileRef = 6FAA9B9990493914AD7B9BC6 /* ReadingSession.swift */; };
/* End PBXBuildFile section */

/* Begin PBXFileReference section */
		00A50E91476CE6F5A3533530 /* ReadingSettings.swift */ = {isa = PBXFileReference; lastKnownFileType = sourcecode.swift; path = ReadingSettings.swift; sourceTree = "<group>"; };
		08B897FC8B374E5DA1A6E56B /* SwiftBook.app */ = {isa = PBXFileReference; explicitFileType = wrapper.application; includeInIndex = 0; path = SwiftBook.app; sourceTree = BUILT_PRODUCTS_DIR; };
		0954CAA232A88D0FA7D340B4 /* BookCardView.swift */ = {isa = PBXFileReference; lastKnownFileType = sourcecode.swift; path = BookCardView.swift; sourceTree = "<group>"; };
		0B2AF2EE2B5592DC2DEA9D53 /* Info.plist */ = {isa = PBXFileReference; lastKnownFileType = text.plist; path = Info.plist; sourceTree = "<group>"; };
		12A07F2667BB89843F7C88E3 /* ReaderView.swift */ = {isa = PBXFileReference; lastKnownFileType = sourcecode.swift; path = ReaderView.swift; sourceTree = "<group>"; };
		1DA0FD5541FC0BD87B603081 /* SwiftBookApp.swift */ = {isa = PBXFileReference; lastKnownFileType = sourcecode.swift; path = SwiftBookApp.swift; sourceTree = "<group>"; };
		312900710BBB6121BF129CE7 /* ReadingStatsView.swift */ = {isa = PBXFileReference; lastKnownFileType = sourcecode.swift; path = ReadingStatsView.swift; sourceTree = "<group>"; };
		4527811CDF69F78C596059BB /* 书籍.svg */ = {isa = PBXFileReference; lastKnownFileType = text.xml; path = "书籍.svg"; sourceTree = "<group>"; };
		48219D7E122670FBF58CB5CF /* SourceHanSerifSC-Regular.otf */ = {isa = PBXFileReference; lastKnownFileType = file; path = "SourceHanSerifSC-Regular.otf"; sourceTree = "<group>"; };
		4BEB2D17BF3D49F74276D750 /* SwiftBookApp.icon */ = {isa = PBXFileReference; lastKnownFileType = wrapper.icon; path = SwiftBookApp.icon; sourceTree = "<group>"; };
		6618D4C5686532778A5C4CE7 /* VolumeButtonHandler.swift */ = {isa = PBXFileReference; lastKnownFileType = sourcecode.swift; path = VolumeButtonHandler.swift; sourceTree = "<group>"; };
		6B7A6F0D7CEDDF2BA3E86E55 /* EPUBParser.swift */ = {isa = PBXFileReference; lastKnownFileType = sourcecode.swift; path = EPUBParser.swift; sourceTree = "<group>"; };
		6B87B6FC31CBA1A53596FF53 /* ReadingStatsManager.swift */ = {isa = PBXFileReference; lastKnownFileType = sourcecode.swift; path = ReadingStatsManager.swift; sourceTree = "<group>"; };
		6FAA9B9990493914AD7B9BC6 /* ReadingSession.swift */ = {isa = PBXFileReference; lastKnownFileType = sourcecode.swift; path = ReadingSession.swift; sourceTree = "<group>"; };
		739E4FF07F9DE5628BD6AAAC /* BookManager.swift */ = {isa = PBXFileReference; lastKnownFileType = sourcecode.swift; path = BookManager.swift; sourceTree = "<group>"; };
		9C751C44C75E4F5EF5028A6E /* LibraryView.swift */ = {isa = PBXFileReference; lastKnownFileType = sourcecode.swift; path = LibraryView.swift; sourceTree = "<group>"; };
		B2B2EDBE1E9C0A0866FC283B /* TOCPanelView.swift */ = {isa = PBXFileReference; lastKnownFileType = sourcecode.swift; path = TOCPanelView.swift; sourceTree = "<group>"; };
		B7F9C6EB122FFF480CB7C72A /* Book.swift */ = {isa = PBXFileReference; lastKnownFileType = sourcecode.swift; path = Book.swift; sourceTree = "<group>"; };
		CC4F7A4BC777A272823336D3 /* SourceHanSerifSC-Bold.otf */ = {isa = PBXFileReference; lastKnownFileType = file; path = "SourceHanSerifSC-Bold.otf"; sourceTree = "<group>"; };
		CE7A6FE70787AE4E648E032F /* SourceHanSerifSC-SemiBold.otf */ = {isa = PBXFileReference; lastKnownFileType = file; path = "SourceHanSerifSC-SemiBold.otf"; sourceTree = "<group>"; };
		EC15F76D1534651985F904B7 /* SettingsPanelView.swift */ = {isa = PBXFileReference; lastKnownFileType = sourcecode.swift; path = SettingsPanelView.swift; sourceTree = "<group>"; };
		F428EEA185B415D90C7309F7 /* ZipReader.swift */ = {isa = PBXFileReference; lastKnownFileType = sourcecode.swift; path = ZipReader.swift; sourceTree = "<group>"; };
/* End PBXFileReference section */

/* Begin PBXGroup section */
		09A10BC5EC942BAEF2C230F9 /* Views */ = {
			isa = PBXGroup;
			children = (
				0954CAA232A88D0FA7D340B4 /* BookCardView.swift */,
				9C751C44C75E4F5EF5028A6E /* LibraryView.swift */,
				12A07F2667BB89843F7C88E3 /* ReaderView.swift */,
				312900710BBB6121BF129CE7 /* ReadingStatsView.swift */,
				EC15F76D1534651985F904B7 /* SettingsPanelView.swift */,
				B2B2EDBE1E9C0A0866FC283B /* TOCPanelView.swift */,
			);
			path = Views;
			sourceTree = "<group>";
		};
		0F64CAF8F3864519922F37C1 /* Fonts */ = {
			isa = PBXGroup;
			children = (
				CC4F7A4BC777A272823336D3 /* SourceHanSerifSC-Bold.otf */,
				48219D7E122670FBF58CB5CF /* SourceHanSerifSC-Regular.otf */,
				CE7A6FE70787AE4E648E032F /* SourceHanSerifSC-SemiBold.otf */,
			);
			path = Fonts;
			sourceTree = "<group>";
		};
		17EBCEAFFD0C7B00A179DC55 = {
			isa = PBXGroup;
			children = (
				E0435B713DDD05EB266A90A5 /* Sources */,
				6E926D64B987F2F84CE0372F /* Products */,
			);
			sourceTree = "<group>";
		};
		405B52251B977370B98B66FE /* Resources */ = {
			isa = PBXGroup;
			children = (
				4527811CDF69F78C596059BB /* 书籍.svg */,
				0B2AF2EE2B5592DC2DEA9D53 /* Info.plist */,
				4BEB2D17BF3D49F74276D750 /* SwiftBookApp.icon */,
				0F64CAF8F3864519922F37C1 /* Fonts */,
			);
			path = Resources;
			sourceTree = "<group>";
		};
		4BF4660DB413775BF3C0E9F9 /* Models */ = {
			isa = PBXGroup;
			children = (
				B7F9C6EB122FFF480CB7C72A /* Book.swift */,
				6FAA9B9990493914AD7B9BC6 /* ReadingSession.swift */,
				00A50E91476CE6F5A3533530 /* ReadingSettings.swift */,
			);
			path = Models;
			sourceTree = "<group>";
		};
		6E926D64B987F2F84CE0372F /* Products */ = {
			isa = PBXGroup;
			children = (
				08B897FC8B374E5DA1A6E56B /* SwiftBook.app */,
			);
			name = Products;
			sourceTree = "<group>";
		};
		850A8F9ED34538D24236F063 /* Utilities */ = {
			isa = PBXGroup;
			children = (
				F428EEA185B415D90C7309F7 /* ZipReader.swift */,
			);
			path = Utilities;
			sourceTree = "<group>";
		};
		DD357759541020F9966174B6 /* Services */ = {
			isa = PBXGroup;
			children = (
				739E4FF07F9DE5628BD6AAAC /* BookManager.swift */,
				6B7A6F0D7CEDDF2BA3E86E55 /* EPUBParser.swift */,
				6B87B6FC31CBA1A53596FF53 /* ReadingStatsManager.swift */,
				6618D4C5686532778A5C4CE7 /* VolumeButtonHandler.swift */,
			);
			path = Services;
			sourceTree = "<group>";
		};
		E0435B713DDD05EB266A90A5 /* Sources */ = {
			isa = PBXGroup;
			children = (
				E62A93C0AE1BD82189A174E7 /* App */,
				4BF4660DB413775BF3C0E9F9 /* Models */,
				405B52251B977370B98B66FE /* Resources */,
				DD357759541020F9966174B6 /* Services */,
				850A8F9ED34538D24236F063 /* Utilities */,
				09A10BC5EC942BAEF2C230F9 /* Views */,
			);
			path = Sources;
			sourceTree = "<group>";
		};
		E62A93C0AE1BD82189A174E7 /* App */ = {
			isa = PBXGroup;
			children = (
				1DA0FD5541FC0BD87B603081 /* SwiftBookApp.swift */,
			);
			path = App;
			sourceTree = "<group>";
		};
/* End PBXGroup section */

/* Begin PBXNativeTarget section */
		8EB2E68D15C72C24FAED6073 /* SwiftBook */ = {
			isa = PBXNativeTarget;
			buildConfigurationList = 0883398562519BFC0128CE36 /* Build configuration list for PBXNativeTarget "SwiftBook" */;
			buildPhases = (
				3B268209836D47CB3AFBD048 /* SwiftLint */,
				B4C9BEEC2267297E076B3D41 /* Sources */,
				66BE3A331E5F20244EF5BF19 /* Resources */,
			);
			buildRules = (
			);
			dependencies = (
			);
			name = SwiftBook;
			packageProductDependencies = (
			);
			productName = SwiftBook;
			productReference = 08B897FC8B374E5DA1A6E56B /* SwiftBook.app */;
			productType = "com.apple.product-type.application";
		};
/* End PBXNativeTarget section */

/* Begin PBXProject section */
		8BC25BA3225F98E2BCAFE5D8 /* Project object */ = {
			isa = PBXProject;
			attributes = {
				BuildIndependentTargetsInParallel = YES;
				LastUpgradeCheck = 1400;
			};
			buildConfigurationList = C116B9EDF8C1238A6454F74C /* Build configuration list for PBXProject "SwiftBook" */;
			developmentRegion = en;
			hasScannedForEncodings = 0;
			knownRegions = (
				Base,
				en,
			);
			mainGroup = 17EBCEAFFD0C7B00A179DC55;
			minimizedProjectReferenceProxies = 1;
			preferredProjectObjectVersion = 77;
			productRefGroup = 6E926D64B987F2F84CE0372F /* Products */;
			projectDirPath = "";
			projectRoot = "";
			targets = (
				8EB2E68D15C72C24FAED6073 /* SwiftBook */,
			);
		};
/* End PBXProject section */

/* Begin PBXResourcesBuildPhase section */
		66BE3A331E5F20244EF5BF19 /* Resources */ = {
			isa = PBXResourcesBuildPhase;
			buildActionMask = 2147483647;
			files = (
				98B1F3698CD43DB2BD4EBD0A /* SourceHanSerifSC-Bold.otf in Resources */,
				8DDDEB90B9EC05AB9DFCB0EA /* SourceHanSerifSC-Regular.otf in Resources */,
				ABA06C92F894ECD2BF264781 /* SourceHanSerifSC-SemiBold.otf in Resources */,
				0C3B70E18EA7A092031A2DE0 /* SwiftBookApp.icon in Resources */,
				07A5FE5C5E1140B9483536DD /* 书籍.svg in Resources */,
			);
			runOnlyForDeploymentPostprocessing = 0;
		};
/* End PBXResourcesBuildPhase section */

/* Begin PBXShellScriptBuildPhase section */
		3B268209836D47CB3AFBD048 /* SwiftLint */ = {
			isa = PBXShellScriptBuildPhase;
			alwaysOutOfDate = 1;
			buildActionMask = 2147483647;
			files = (
			);
			inputFileListPaths = (
			);
			inputPaths = (
			);
			name = SwiftLint;
			outputFileListPaths = (
			);
			outputPaths = (
			);
			runOnlyForDeploymentPostprocessing = 0;
			shellPath = /bin/sh;
			shellScript = "if which swiftlint > /dev/null; then\n  swiftlint\nfi\n";
		};
/* End PBXShellScriptBuildPhase section */

/* Begin PBXSourcesBuildPhase section */
		B4C9BEEC2267297E076B3D41 /* Sources */ = {
			isa = PBXSourcesBuildPhase;
			buildActionMask = 2147483647;
			files = (
				35F789456E6B1CE0C5CB1BD7 /* Book.swift in Sources */,
				1C6E7EC971202521D3499193 /* BookCardView.swift in Sources */,
				4F2FAC7790D4262766610592 /* BookManager.swift in Sources */,
				79CB287529E9E6028509CF88 /* EPUBParser.swift in Sources */,
				928D2722F2D5ADC167D3EA7D /* LibraryView.swift in Sources */,
				B626FB1F54A1B5D7A757D622 /* ReaderView.swift in Sources */,
				BF8D3EBDCFD9FAC4EF0FC327 /* ReadingSession.swift in Sources */,
				61A6F1629A11E32902AD9433 /* ReadingSettings.swift in Sources */,
				0C103F3B7550036897D194CE /* ReadingStatsManager.swift in Sources */,
				1E96643A794D73F3E68CB041 /* ReadingStatsView.swift in Sources */,
				5E639A75338573C14C0CE9EA /* SettingsPanelView.swift in Sources */,
				0393A6E9C1190DAB76F2551A /* SwiftBookApp.swift in Sources */,
				389621B76291D9EBE0BC124B /* TOCPanelView.swift in Sources */,
				7C2877CFA4857D6213AC1764 /* VolumeButtonHandler.swift in Sources */,
				7DD00C19FE51306F47632A56 /* ZipReader.swift in Sources */,
			);
			runOnlyForDeploymentPostprocessing = 0;
		};
/* End PBXSourcesBuildPhase section */

/* Begin XCBuildConfiguration section */
		0F67291BDFADDF64DDD62D8E /* Release */ = {
			isa = XCBuildConfiguration;
			buildSettings = {
				ALWAYS_SEARCH_USER_PATHS = NO;
				CLANG_ANALYZER_NONNULL = YES;
				CLANG_ANALYZER_NUMBER_OBJECT_CONVERSION = YES_AGGRESSIVE;
				CLANG_CXX_LANGUAGE_STANDARD = "gnu++14";
				CLANG_CXX_LIBRARY = "libc++";
				CLANG_ENABLE_MODULES = YES;
				CLANG_ENABLE_OBJC_ARC = YES;
				CLANG_ENABLE_OBJC_WEAK = YES;
				CLANG_WARN_BLOCK_CAPTURE_AUTORELEASING = YES;
				CLANG_WARN_BOOL_CONVERSION = YES;
				CLANG_WARN_COMMA = YES;
				CLANG_WARN_CONSTANT_CONVERSION = YES;
				CLANG_WARN_DEPRECATED_OBJC_IMPLEMENTATIONS = YES;
				CLANG_WARN_DIRECT_OBJC_ISA_USAGE = YES_ERROR;
				CLANG_WARN_DOCUMENTATION_COMMENTS = YES;
				CLANG_WARN_EMPTY_BODY = YES;
				CLANG_WARN_ENUM_CONVERSION = YES;
				CLANG_WARN_INFINITE_RECURSION = YES;
				CLANG_WARN_INT_CONVERSION = YES;
				CLANG_WARN_NON_LITERAL_NULL_CONVERSION = YES;
				CLANG_WARN_OBJC_IMPLICIT_RETAIN_SELF = YES;
				CLANG_WARN_OBJC_LITERAL_CONVERSION = YES;
				CLANG_WARN_OBJC_ROOT_CLASS = YES_ERROR;
				CLANG_WARN_QUOTED_INCLUDE_IN_FRAMEWORK_HEADER = YES;
				CLANG_WARN_RANGE_LOOP_ANALYSIS = YES;
				CLANG_WARN_STRICT_PROTOTYPES = YES;
				CLANG_WARN_SUSPICIOUS_MOVE = YES;
				CLANG_WARN_UNGUARDED_AVAILABILITY = YES_AGGRESSIVE;
				CLANG_WARN_UNREACHABLE_CODE = YES;
				CLANG_WARN__DUPLICATE_METHOD_MATCH = YES;
				COPY_PHASE_STRIP = NO;
				DEBUG_INFORMATION_FORMAT = "dwarf-with-dsym";
				DEVELOPMENT_TEAM = "";
				ENABLE_NS_ASSERTIONS = NO;
				ENABLE_STRICT_OBJC_MSGSEND = YES;
				GCC_C_LANGUAGE_STANDARD = gnu11;
				GCC_NO_COMMON_BLOCKS = YES;
				GCC_WARN_64_TO_32_BIT_CONVERSION = YES;
				GCC_WARN_ABOUT_RETURN_TYPE = YES_ERROR;
				GCC_WARN_UNDECLARED_SELECTOR = YES;
				GCC_WARN_UNINITIALIZED_AUTOS = YES_AGGRESSIVE;
				GCC_WARN_UNUSED_FUNCTION = YES;
				GCC_WARN_UNUSED_VARIABLE = YES;
				GENERATE_INFOPLIST_FILE = YES;
				INFOPLIST_FILE = Sources/Resources/Info.plist;
				IPHONEOS_DEPLOYMENT_TARGET = 16.0;
				MTL_ENABLE_DEBUG_INFO = NO;
				MTL_FAST_MATH = YES;
				PRODUCT_NAME = "$(TARGET_NAME)";
				SDKROOT = iphoneos;
				SWIFT_COMPILATION_MODE = wholemodule;
				SWIFT_OPTIMIZATION_LEVEL = "-O";
				SWIFT_VERSION = 5.0;
			};
			name = Release;
		};
		53EA6E29B0B4964DC42ABA5A /* Debug */ = {
			isa = XCBuildConfiguration;
			buildSettings = {
				ASSETCATALOG_COMPILER_APPICON_NAME = SwiftBookApp;
				CODE_SIGN_IDENTITY = "iPhone Developer";
				DEVELOPMENT_TEAM = WHRX4KL9FC;
				INFOPLIST_FILE = Sources/Resources/Info.plist;
				LD_RUNPATH_SEARCH_PATHS = (
					"$(inherited)",
					"@executable_path/Frameworks",
				);
				PRODUCT_BUNDLE_IDENTIFIER = com.swiftbook.reader;
				SDKROOT = iphoneos;
				SUPPORTED_PLATFORMS = "iphoneos iphonesimulator";
				SWIFT_VERSION = 5.9;
				TARGETED_DEVICE_FAMILY = "1,2";
			};
			name = Debug;
		};
		60E49135C7089464972FFD35 /* Release */ = {
			isa = XCBuildConfiguration;
			buildSettings = {
				ASSETCATALOG_COMPILER_APPICON_NAME = SwiftBookApp;
				CODE_SIGN_IDENTITY = "iPhone Developer";
				DEVELOPMENT_TEAM = WHRX4KL9FC;
				INFOPLIST_FILE = Sources/Resources/Info.plist;
				LD_RUNPATH_SEARCH_PATHS = (
					"$(inherited)",
					"@executable_path/Frameworks",
				);
				PRODUCT_BUNDLE_IDENTIFIER = com.swiftbook.reader;
				SDKROOT = iphoneos;
				SUPPORTED_PLATFORMS = "iphoneos iphonesimulator";
				SWIFT_VERSION = 5.9;
				TARGETED_DEVICE_FAMILY = "1,2";
			};
			name = Release;
		};
		9727D246456BD204CA59C14A /* Debug */ = {
			isa = XCBuildConfiguration;
			buildSettings = {
				ALWAYS_SEARCH_USER_PATHS = NO;
				CLANG_ANALYZER_NONNULL = YES;
				CLANG_ANALYZER_NUMBER_OBJECT_CONVERSION = YES_AGGRESSIVE;
				CLANG_CXX_LANGUAGE_STANDARD = "gnu++14";
				CLANG_CXX_LIBRARY = "libc++";
				CLANG_ENABLE_MODULES = YES;
				CLANG_ENABLE_OBJC_ARC = YES;
				CLANG_ENABLE_OBJC_WEAK = YES;
				CLANG_WARN_BLOCK_CAPTURE_AUTORELEASING = YES;
				CLANG_WARN_BOOL_CONVERSION = YES;
				CLANG_WARN_COMMA = YES;
				CLANG_WARN_CONSTANT_CONVERSION = YES;
				CLANG_WARN_DEPRECATED_OBJC_IMPLEMENTATIONS = YES;
				CLANG_WARN_DIRECT_OBJC_ISA_USAGE = YES_ERROR;
				CLANG_WARN_DOCUMENTATION_COMMENTS = YES;
				CLANG_WARN_EMPTY_BODY = YES;
				CLANG_WARN_ENUM_CONVERSION = YES;
				CLANG_WARN_INFINITE_RECURSION = YES;
				CLANG_WARN_INT_CONVERSION = YES;
				CLANG_WARN_NON_LITERAL_NULL_CONVERSION = YES;
				CLANG_WARN_OBJC_IMPLICIT_RETAIN_SELF = YES;
				CLANG_WARN_OBJC_LITERAL_CONVERSION = YES;
				CLANG_WARN_OBJC_ROOT_CLASS = YES_ERROR;
				CLANG_WARN_QUOTED_INCLUDE_IN_FRAMEWORK_HEADER = YES;
				CLANG_WARN_RANGE_LOOP_ANALYSIS = YES;
				CLANG_WARN_STRICT_PROTOTYPES = YES;
				CLANG_WARN_SUSPICIOUS_MOVE = YES;
				CLANG_WARN_UNGUARDED_AVAILABILITY = YES_AGGRESSIVE;
				CLANG_WARN_UNREACHABLE_CODE = YES;
				CLANG_WARN__DUPLICATE_METHOD_MATCH = YES;
				COPY_PHASE_STRIP = NO;
				DEBUG_INFORMATION_FORMAT = dwarf;
				DEVELOPMENT_TEAM = "";
				ENABLE_STRICT_OBJC_MSGSEND = YES;
				ENABLE_TESTABILITY = YES;
				GCC_C_LANGUAGE_STANDARD = gnu11;
				GCC_DYNAMIC_NO_PIC = NO;
				GCC_NO_COMMON_BLOCKS = YES;
				GCC_OPTIMIZATION_LEVEL = 0;
				GCC_PREPROCESSOR_DEFINITIONS = (
					"$(inherited)",
					"DEBUG=1",
				);
				GCC_WARN_64_TO_32_BIT_CONVERSION = YES;
				GCC_WARN_ABOUT_RETURN_TYPE = YES_ERROR;
				GCC_WARN_UNDECLARED_SELECTOR = YES;
				GCC_WARN_UNINITIALIZED_AUTOS = YES_AGGRESSIVE;
				GCC_WARN_UNUSED_FUNCTION = YES;
				GCC_WARN_UNUSED_VARIABLE = YES;
				GENERATE_INFOPLIST_FILE = YES;
				INFOPLIST_FILE = Sources/Resources/Info.plist;
				IPHONEOS_DEPLOYMENT_TARGET = 16.0;
				MTL_ENABLE_DEBUG_INFO = INCLUDE_SOURCE;
				MTL_FAST_MATH = YES;
				ONLY_ACTIVE_ARCH = YES;
				PRODUCT_NAME = "$(TARGET_NAME)";
				SDKROOT = iphoneos;
				SWIFT_ACTIVE_COMPILATION_CONDITIONS = DEBUG;
				SWIFT_OPTIMIZATION_LEVEL = "-Onone";
				SWIFT_VERSION = 5.0;
			};
			name = Debug;
		};
/* End XCBuildConfiguration section */

/* Begin XCConfigurationList section */
		0883398562519BFC0128CE36 /* Build configuration list for PBXNativeTarget "SwiftBook" */ = {
			isa = XCConfigurationList;
			buildConfigurations = (
				53EA6E29B0B4964DC42ABA5A /* Debug */,
				60E49135C7089464972FFD35 /* Release */,
			);
			defaultConfigurationIsVisible = 0;
			defaultConfigurationName = Debug;
		};
		C116B9EDF8C1238A6454F74C /* Build configuration list for PBXProject "SwiftBook" */ = {
			isa = XCConfigurationList;
			buildConfigurations = (
				9727D246456BD204CA59C14A /* Debug */,
				0F67291BDFADDF64DDD62D8E /* Release */,
			);
			defaultConfigurationIsVisible = 0;
			defaultConfigurationName = Debug;
		};
/* End XCConfigurationList section */
	};
	rootObject = 8BC25BA3225F98E2BCAFE5D8 /* Project object */;
}
